
Microsoft Visual Studio Solution File, Format Version 12.00
# Visual Studio 15
VisualStudioVersion = 15.0.28010.2016
MinimumVisualStudioVersion = 10.0.40219.1
Project("{FAE04EC0-301F-11D3-BF4B-00C04F79EFBC}") = "csvLineSkipper", "csvLineSkipper\csvLineSkipper.csproj", "{9C1FFD15-BD3D-45C0-8DE0-03145421C0EC}"
EndProject
Global
	GlobalSection(SolutionConfigurationPlatforms) = preSolution
		Debug|Any CPU = Debug|Any CPU
		Release|Any CPU = Release|Any CPU
	EndGlobalSection
	GlobalSection(ProjectConfigurationPlatforms) = postSolution
		{9C1FFD15-BD3D-45C0-8DE0-03145421C0EC}.Debug|Any CPU.ActiveCfg = Debug|Any CPU
		{9C1FFD15-BD3D-45C0-8DE0-03145421C0EC}.Debug|Any CPU.Build.0 = Debug|Any CPU
		{9C1FFD15-BD3D-45C0-8DE0-03145421C0EC}.Release|Any CPU.ActiveCfg = Release|Any CPU
		{9C1FFD15-BD3D-45C0-8DE0-03145421C0EC}.Release|Any CPU.Build.0 = Release|Any CPU
	EndGlobalSection
	GlobalSection(SolutionProperties) = preSolution
		HideSolutionNode = FALSE
	EndGlobalSection
	GlobalSection(ExtensibilityGlobals) = postSolution
		SolutionGuid = {82BC001A-55AB-4FEE-B15B-E3867279C2A6}
	EndGlobalSection
EndGlobal
